# THIS IS AN AUTOGENERATED FILE. DO NOT EDIT THIS FILE DIRECTLY.
# yarn lockfile v1


angular-route@^1.8.2:
  version "1.8.2"
  resolved "https://registry.yarnpkg.com/angular-route/-/angular-route-1.8.2.tgz#d482bf05a8c9e448300acd8f9989c635d31b5077"
  integrity sha512-49LJYxuaQ/ZDiu9dD2xo1LkazqObkGjw0a7dUF7UKCT8EELgBsMd6QrI6aEVGtI62ppkiFkxqmiV8fcwYdXpug==

angular-sanitize@^1.8.2:
  version "1.8.2"
  resolved "https://registry.yarnpkg.com/angular-sanitize/-/angular-sanitize-1.8.2.tgz#ae78040f00c5e2ce1c63780bcc47fa14a1698296"
  integrity sha512-OB6Goa+QN3byf5asQ7XRl7DKZejm/F/ZOqa9z1skqYVOWA2hoBxoCmt9E7+i7T/TbxZP5zYzKxNZVVJNu860Hg==

angular-storage@^0.0.15:
  version "0.0.15"
  resolved "https://registry.yarnpkg.com/angular-storage/-/angular-storage-0.0.15.tgz#005d64808982848d949725e2b2bf90a1dd27afc1"
  integrity sha1-AF1kgImChI2UlyXisr+Qod0nr8E=

angular@^1.8.2:
  version "1.8.2"
  resolved "https://registry.yarnpkg.com/angular/-/angular-1.8.2.tgz#5983bbb5a9fa63e213cb7749199e0d352de3a2f1"
  integrity sha512-IauMOej2xEe7/7Ennahkbb5qd/HFADiNuLSESz9Q27inmi32zB0lnAsFeLEWcox3Gd1F6YhNd1CP7/9IukJ0Gw==

bootstrap@^5.0.1:
  version "5.0.1"
  resolved "https://registry.yarnpkg.com/bootstrap/-/bootstrap-5.0.1.tgz#e7939d599119dc818a90478a2a299bdaff037e09"
  integrity sha512-Fl79+wsLOZKoiU345KeEaWD0ik8WKRI5zm0YSPj2oF1Qr+BO7z0fco6GbUtqjoG1h4VI89PeKJnMsMMVQdKKTw==

ngstorage@^0.3.11:
  version "0.3.11"
  resolved "https://registry.yarnpkg.com/ngstorage/-/ngstorage-0.3.11.tgz#1637c45b872d909d9cc7e18b374898d50b2e844f"
  integrity sha1-FjfEW4ctkJ2cx+GLN0iY1QsuhE8=
